
Microsoft Visual Studio Solution File, Format Version 12.00
# Visual Studio Version 16
VisualStudioVersion = 16.0.30225.117
MinimumVisualStudioVersion = 10.0.40219.1
Project("{FAE04EC0-301F-11D3-BF4B-00C04F79EFBC}") = "LibraryAPI", "LibraryAPI\LibraryAPI.csproj", "{29EF545A-1927-42AA-AC58-618A9F868350}"
EndProject
Project("{FAE04EC0-301F-11D3-BF4B-00C04F79EFBC}") = "Infrastructure", "Infrastructure\Infrastructure.csproj", "{B8C36097-6013-492F-A015-CA01CE86029E}"
EndProject
Project("{FAE04EC0-301F-11D3-BF4B-00C04F79EFBC}") = "Models", "Models\Models.csproj", "{2EEB8431-304A-4CF6-A4B3-E9764A349CB8}"
EndProject
Global
	GlobalSection(SolutionConfigurationPlatforms) = preSolution
		Debug|Any CPU = Debug|Any CPU
		Release|Any CPU = Release|Any CPU
	EndGlobalSection
	GlobalSection(ProjectConfigurationPlatforms) = postSolution
		{29EF545A-1927-42AA-AC58-618A9F868350}.Debug|Any CPU.ActiveCfg = Debug|Any CPU
		{29EF545A-1927-42AA-AC58-618A9F868350}.Debug|Any CPU.Build.0 = Debug|Any CPU
		{29EF545A-1927-42AA-AC58-618A9F868350}.Release|Any CPU.ActiveCfg = Release|Any CPU
		{29EF545A-1927-42AA-AC58-618A9F868350}.Release|Any CPU.Build.0 = Release|Any CPU
		{B8C36097-6013-492F-A015-CA01CE86029E}.Debug|Any CPU.ActiveCfg = Debug|Any CPU
		{B8C36097-6013-492F-A015-CA01CE86029E}.Debug|Any CPU.Build.0 = Debug|Any CPU
		{B8C36097-6013-492F-A015-CA01CE86029E}.Release|Any CPU.ActiveCfg = Release|Any CPU
		{B8C36097-6013-492F-A015-CA01CE86029E}.Release|Any CPU.Build.0 = Release|Any CPU
		{2EEB8431-304A-4CF6-A4B3-E9764A349CB8}.Debug|Any CPU.ActiveCfg = Debug|Any CPU
		{2EEB8431-304A-4CF6-A4B3-E9764A349CB8}.Debug|Any CPU.Build.0 = Debug|Any CPU
		{2EEB8431-304A-4CF6-A4B3-E9764A349CB8}.Release|Any CPU.ActiveCfg = Release|Any CPU
		{2EEB8431-304A-4CF6-A4B3-E9764A349CB8}.Release|Any CPU.Build.0 = Release|Any CPU
	EndGlobalSection
	GlobalSection(SolutionProperties) = preSolution
		HideSolutionNode = FALSE
	EndGlobalSection
	GlobalSection(ExtensibilityGlobals) = postSolution
		SolutionGuid = {0AB493C6-89E1-49B1-AC05-7A76888C8628}
	EndGlobalSection
EndGlobal
